
Microsoft Visual Studio Solution File, Format Version 12.00
# Visual Studio 2012
Project("{8BC9CEB8-8B4A-11D0-8D11-00A0C91BC942}") = "reversebinary", "reversebinary\reversebinary.vcxproj", "{8E668A0D-A842-4C9C-BAC9-D96B5DF9AB32}"
EndProject
Global
	GlobalSection(SolutionConfigurationPlatforms) = preSolution
		Debug|Win32 = Debug|Win32
		Release|Win32 = Release|Win32
	EndGlobalSection
	GlobalSection(ProjectConfigurationPlatforms) = postSolution
		{8E668A0D-A842-4C9C-BAC9-D96B5DF9AB32}.Debug|Win32.ActiveCfg = Debug|Win32
		{8E668A0D-A842-4C9C-BAC9-D96B5DF9AB32}.Debug|Win32.Build.0 = Debug|Win32
		{8E668A0D-A842-4C9C-BAC9-D96B5DF9AB32}.Release|Win32.ActiveCfg = Release|Win32
		{8E668A0D-A842-4C9C-BAC9-D96B5DF9AB32}.Release|Win32.Build.0 = Release|Win32
	EndGlobalSection
	GlobalSection(SolutionProperties) = preSolution
		HideSolutionNode = FALSE
	EndGlobalSection
EndGlobal
