// !$*UTF8*$!
{
	archiveVersion = 1;
	classes = {
	};
	objectVersion = 46;
	objects = {

/* Begin PBXBuildFile section */
		A7ADF39715B45E1F00F9110F /* UIKit.framework in Frameworks */ = {isa = PBXBuildFile; fileRef = A7ADF39615B45E1F00F9110F /* UIKit.framework */; };
		A7ADF39915B45E1F00F9110F /* Foundation.framework in Frameworks */ = {isa = PBXBuildFile; fileRef = A7ADF39815B45E1F00F9110F /* Foundation.framework */; };
		A7ADF39B15B45E1F00F9110F /* CoreGraphics.framework in Frameworks */ = {isa = PBXBuildFile; fileRef = A7ADF39A15B45E1F00F9110F /* CoreGraphics.framework */; };
		A7ADF3A115B45E1F00F9110F /* InfoPlist.strings in Resources */ = {isa = PBXBuildFile; fileRef = A7ADF39F15B45E1F00F9110F /* InfoPlist.strings */; };
		A7ADF3A315B45E1F00F9110F /* main.m in Sources */ = {isa = PBXBuildFile; fileRef = A7ADF3A215B45E1F00F9110F /* main.m */; };
		A7ADF3A715B45E1F00F9110F /* VisAppDelegate.m in Sources */ = {isa = PBXBuildFile; fileRef = A7ADF3A615B45E1F00F9110F /* VisAppDelegate.m */; };
		A7ADF3AA15B45E1F00F9110F /* MainStoryboard.storyboard in Resources */ = {isa = PBXBuildFile; fileRef = A7ADF3A815B45E1F00F9110F /* MainStoryboard.storyboard */; };
		A7ADF3AD15B45E1F00F9110F /* VisMasterViewController.m in Sources */ = {isa = PBXBuildFile; fileRef = A7ADF3AC15B45E1F00F9110F /* VisMasterViewController.m */; };
		A7ADF3B015B45E1F00F9110F /* VisDetailViewController.m in Sources */ = {isa = PBXBuildFile; fileRef = A7ADF3AF15B45E1F00F9110F /* VisDetailViewController.m */; };
/* End PBXBuildFile section */

/* Begin PBXFileReference section */
		A7ADF39215B45E1F00F9110F /* visapp.app */ = {isa = PBXFileReference; explicitFileType = wrapper.application; includeInIndex = 0; path = visapp.app; sourceTree = BUILT_PRODUCTS_DIR; };
		A7ADF39615B45E1F00F9110F /* UIKit.framework */ = {isa = PBXFileReference; lastKnownFileType = wrapper.framework; name = UIKit.framework; path = System/Library/Frameworks/UIKit.framework; sourceTree = SDKROOT; };
		A7ADF39815B45E1F00F9110F /* Foundation.framework */ = {isa = PBXFileReference; lastKnownFileType = wrapper.framework; name = Foundation.framework; path = System/Library/Frameworks/Foundation.framework; sourceTree = SDKROOT; };
		A7ADF39A15B45E1F00F9110F /* CoreGraphics.framework */ = {isa = PBXFileReference; lastKnownFileType = wrapper.framework; name = CoreGraphics.framework; path = System/Library/Frameworks/CoreGraphics.framework; sourceTree = SDKROOT; };
		A7ADF39E15B45E1F00F9110F /* visapp-Info.plist */ = {isa = PBXFileReference; lastKnownFileType = text.plist.xml; path = "visapp-Info.plist"; sourceTree = "<group>"; };
		A7ADF3A015B45E1F00F9110F /* en */ = {isa = PBXFileReference; lastKnownFileType = text.plist.strings; name = en; path = en.lproj/InfoPlist.strings; sourceTree = "<group>"; };
		A7ADF3A215B45E1F00F9110F /* main.m */ = {isa = PBXFileReference; lastKnownFileType = sourcecode.c.objc; path = main.m; sourceTree = "<group>"; };
		A7ADF3A415B45E1F00F9110F /* visapp-Prefix.pch */ = {isa = PBXFileReference; lastKnownFileType = sourcecode.c.h; path = "visapp-Prefix.pch"; sourceTree = "<group>"; };
		A7ADF3A515B45E1F00F9110F /* VisAppDelegate.h */ = {isa = PBXFileReference; lastKnownFileType = sourcecode.c.h; path = VisAppDelegate.h; sourceTree = "<group>"; };
		A7ADF3A615B45E1F00F9110F /* VisAppDelegate.m */ = {isa = PBXFileReference; lastKnownFileType = sourcecode.c.objc; path = VisAppDelegate.m; sourceTree = "<group>"; };
		A7ADF3A915B45E1F00F9110F /* en */ = {isa = PBXFileReference; lastKnownFileType = file.storyboard; name = en; path = en.lproj/MainStoryboard.storyboard; sourceTree = "<group>"; };
		A7ADF3AB15B45E1F00F9110F /* VisMasterViewController.h */ = {isa = PBXFileReference; lastKnownFileType = sourcecode.c.h; path = VisMasterViewController.h; sourceTree = "<group>"; };
		A7ADF3AC15B45E1F00F9110F /* VisMasterViewController.m */ = {isa = PBXFileReference; lastKnownFileType = sourcecode.c.objc; path = VisMasterViewController.m; sourceTree = "<group>"; };
		A7ADF3AE15B45E1F00F9110F /* VisDetailViewController.h */ = {isa = PBXFileReference; lastKnownFileType = sourcecode.c.h; path = VisDetailViewController.h; sourceTree = "<group>"; };
		A7ADF3AF15B45E1F00F9110F /* VisDetailViewController.m */ = {isa = PBXFileReference; lastKnownFileType = sourcecode.c.objc; path = VisDetailViewController.m; sourceTree = "<group>"; };
		A7ADF3B615B45E5800F9110F /* Default-Portrait@2x~ipad.png */ = {isa = PBXFileReference; lastKnownFileType = image.png; path = "Default-Portrait@2x~ipad.png"; sourceTree = "<group>"; };
/* End PBXFileReference section */

/* Begin PBXFrameworksBuildPhase section */
		A7ADF38F15B45E1F00F9110F /* Frameworks */ = {
			isa = PBXFrameworksBuildPhase;
			buildActionMask = 2147483647;
			files = (
				A7ADF39715B45E1F00F9110F /* UIKit.framework in Frameworks */,
				A7ADF39915B45E1F00F9110F /* Foundation.framework in Frameworks */,
				A7ADF39B15B45E1F00F9110F /* CoreGraphics.framework in Frameworks */,
			);
			runOnlyForDeploymentPostprocessing = 0;
		};
/* End PBXFrameworksBuildPhase section */

/* Begin PBXGroup section */
		A7ADF38715B45E1F00F9110F = {
			isa = PBXGroup;
			children = (
				A7ADF3B615B45E5800F9110F /* Default-Portrait@2x~ipad.png */,
				A7ADF39C15B45E1F00F9110F /* visapp */,
				A7ADF39515B45E1F00F9110F /* Frameworks */,
				A7ADF39315B45E1F00F9110F /* Products */,
			);
			sourceTree = "<group>";
		};
		A7ADF39315B45E1F00F9110F /* Products */ = {
			isa = PBXGroup;
			children = (
				A7ADF39215B45E1F00F9110F /* visapp.app */,
			);
			name = Products;
			sourceTree = "<group>";
		};
		A7ADF39515B45E1F00F9110F /* Frameworks */ = {
			isa = PBXGroup;
			children = (
				A7ADF39615B45E1F00F9110F /* UIKit.framework */,
				A7ADF39815B45E1F00F9110F /* Foundation.framework */,
				A7ADF39A15B45E1F00F9110F /* CoreGraphics.framework */,
			);
			name = Frameworks;
			sourceTree = "<group>";
		};
		A7ADF39C15B45E1F00F9110F /* visapp */ = {
			isa = PBXGroup;
			children = (
				A7ADF3A515B45E1F00F9110F /* VisAppDelegate.h */,
				A7ADF3A615B45E1F00F9110F /* VisAppDelegate.m */,
				A7ADF3A815B45E1F00F9110F /* MainStoryboard.storyboard */,
				A7ADF3AB15B45E1F00F9110F /* VisMasterViewController.h */,
				A7ADF3AC15B45E1F00F9110F /* VisMasterViewController.m */,
				A7ADF3AE15B45E1F00F9110F /* VisDetailViewController.h */,
				A7ADF3AF15B45E1F00F9110F /* VisDetailViewController.m */,
				A7ADF39D15B45E1F00F9110F /* Supporting Files */,
			);
			path = visapp;
			sourceTree = "<group>";
		};
		A7ADF39D15B45E1F00F9110F /* Supporting Files */ = {
			isa = PBXGroup;
			children = (
				A7ADF39E15B45E1F00F9110F /* visapp-Info.plist */,
				A7ADF39F15B45E1F00F9110F /* InfoPlist.strings */,
				A7ADF3A215B45E1F00F9110F /* main.m */,
				A7ADF3A415B45E1F00F9110F /* visapp-Prefix.pch */,
			);
			name = "Supporting Files";
			sourceTree = "<group>";
		};
/* End PBXGroup section */

/* Begin PBXNativeTarget section */
		A7ADF39115B45E1F00F9110F /* visapp */ = {
			isa = PBXNativeTarget;
			buildConfigurationList = A7ADF3B315B45E1F00F9110F /* Build configuration list for PBXNativeTarget "visapp" */;
			buildPhases = (
				A7ADF38E15B45E1F00F9110F /* Sources */,
				A7ADF38F15B45E1F00F9110F /* Frameworks */,
				A7ADF39015B45E1F00F9110F /* Resources */,
			);
			buildRules = (
			);
			dependencies = (
			);
			name = visapp;
			productName = visapp;
			productReference = A7ADF39215B45E1F00F9110F /* visapp.app */;
			productType = "com.apple.product-type.application";
		};
/* End PBXNativeTarget section */

/* Begin PBXProject section */
		A7ADF38915B45E1F00F9110F /* Project object */ = {
			isa = PBXProject;
			attributes = {
				CLASSPREFIX = Vis;
				LastUpgradeCheck = 0430;
			};
			buildConfigurationList = A7ADF38C15B45E1F00F9110F /* Build configuration list for PBXProject "visapp" */;
			compatibilityVersion = "Xcode 3.2";
			developmentRegion = English;
			hasScannedForEncodings = 0;
			knownRegions = (
				en,
			);
			mainGroup = A7ADF38715B45E1F00F9110F;
			productRefGroup = A7ADF39315B45E1F00F9110F /* Products */;
			projectDirPath = "";
			projectRoot = "";
			targets = (
				A7ADF39115B45E1F00F9110F /* visapp */,
			);
		};
/* End PBXProject section */

/* Begin PBXResourcesBuildPhase section */
		A7ADF39015B45E1F00F9110F /* Resources */ = {
			isa = PBXResourcesBuildPhase;
			buildActionMask = 2147483647;
			files = (
				A7ADF3A115B45E1F00F9110F /* InfoPlist.strings in Resources */,
				A7ADF3AA15B45E1F00F9110F /* MainStoryboard.storyboard in Resources */,
			);
			runOnlyForDeploymentPostprocessing = 0;
		};
/* End PBXResourcesBuildPhase section */

/* Begin PBXSourcesBuildPhase section */
		A7ADF38E15B45E1F00F9110F /* Sources */ = {
			isa = PBXSourcesBuildPhase;
			buildActionMask = 2147483647;
			files = (
				A7ADF3A315B45E1F00F9110F /* main.m in Sources */,
				A7ADF3A715B45E1F00F9110F /* VisAppDelegate.m in Sources */,
				A7ADF3AD15B45E1F00F9110F /* VisMasterViewController.m in Sources */,
				A7ADF3B015B45E1F00F9110F /* VisDetailViewController.m in Sources */,
			);
			runOnlyForDeploymentPostprocessing = 0;
		};
/* End PBXSourcesBuildPhase section */

/* Begin PBXVariantGroup section */
		A7ADF39F15B45E1F00F9110F /* InfoPlist.strings */ = {
			isa = PBXVariantGroup;
			children = (
				A7ADF3A015B45E1F00F9110F /* en */,
			);
			name = InfoPlist.strings;
			sourceTree = "<group>";
		};
		A7ADF3A815B45E1F00F9110F /* MainStoryboard.storyboard */ = {
			isa = PBXVariantGroup;
			children = (
				A7ADF3A915B45E1F00F9110F /* en */,
			);
			name = MainStoryboard.storyboard;
			sourceTree = "<group>";
		};
/* End PBXVariantGroup section */

/* Begin XCBuildConfiguration section */
		A7ADF3B115B45E1F00F9110F /* Debug */ = {
			isa = XCBuildConfiguration;
			buildSettings = {
				ALWAYS_SEARCH_USER_PATHS = NO;
				ARCHS = "$(ARCHS_STANDARD_32_BIT)";
				CLANG_ENABLE_OBJC_ARC = YES;
				"CODE_SIGN_IDENTITY[sdk=iphoneos*]" = "iPhone Developer";
				COPY_PHASE_STRIP = NO;
				GCC_C_LANGUAGE_STANDARD = gnu99;
				GCC_DYNAMIC_NO_PIC = NO;
				GCC_OPTIMIZATION_LEVEL = 0;
				GCC_PREPROCESSOR_DEFINITIONS = (
					"DEBUG=1",
					"$(inherited)",
				);
				GCC_SYMBOLS_PRIVATE_EXTERN = NO;
				GCC_VERSION = com.apple.compilers.llvm.clang.1_0;
				GCC_WARN_ABOUT_RETURN_TYPE = YES;
				GCC_WARN_UNINITIALIZED_AUTOS = YES;
				GCC_WARN_UNUSED_VARIABLE = YES;
				IPHONEOS_DEPLOYMENT_TARGET = 5.1;
				SDKROOT = iphoneos;
				TARGETED_DEVICE_FAMILY = 2;
			};
			name = Debug;
		};
		A7ADF3B215B45E1F00F9110F /* Release */ = {
			isa = XCBuildConfiguration;
			buildSettings = {
				ALWAYS_SEARCH_USER_PATHS = NO;
				ARCHS = "$(ARCHS_STANDARD_32_BIT)";
				CLANG_ENABLE_OBJC_ARC = YES;
				"CODE_SIGN_IDENTITY[sdk=iphoneos*]" = "iPhone Developer";
				COPY_PHASE_STRIP = YES;
				GCC_C_LANGUAGE_STANDARD = gnu99;
				GCC_VERSION = com.apple.compilers.llvm.clang.1_0;
				GCC_WARN_ABOUT_RETURN_TYPE = YES;
				GCC_WARN_UNINITIALIZED_AUTOS = YES;
				GCC_WARN_UNUSED_VARIABLE = YES;
				IPHONEOS_DEPLOYMENT_TARGET = 5.1;
				OTHER_CFLAGS = "-DNS_BLOCK_ASSERTIONS=1";
				SDKROOT = iphoneos;
				TARGETED_DEVICE_FAMILY = 2;
				VALIDATE_PRODUCT = YES;
			};
			name = Release;
		};
		A7ADF3B415B45E1F00F9110F /* Debug */ = {
			isa = XCBuildConfiguration;
			buildSettings = {
				GCC_PRECOMPILE_PREFIX_HEADER = YES;
				GCC_PREFIX_HEADER = "visapp/visapp-Prefix.pch";
				INFOPLIST_FILE = "visapp/visapp-Info.plist";
				PRODUCT_NAME = "$(TARGET_NAME)";
				WRAPPER_EXTENSION = app;
			};
			name = Debug;
		};
		A7ADF3B515B45E1F00F9110F /* Release */ = {
			isa = XCBuildConfiguration;
			buildSettings = {
				GCC_PRECOMPILE_PREFIX_HEADER = YES;
				GCC_PREFIX_HEADER = "visapp/visapp-Prefix.pch";
				INFOPLIST_FILE = "visapp/visapp-Info.plist";
				PRODUCT_NAME = "$(TARGET_NAME)";
				WRAPPER_EXTENSION = app;
			};
			name = Release;
		};
/* End XCBuildConfiguration section */

/* Begin XCConfigurationList section */
		A7ADF38C15B45E1F00F9110F /* Build configuration list for PBXProject "visapp" */ = {
			isa = XCConfigurationList;
			buildConfigurations = (
				A7ADF3B115B45E1F00F9110F /* Debug */,
				A7ADF3B215B45E1F00F9110F /* Release */,
			);
			defaultConfigurationIsVisible = 0;
			defaultConfigurationName = Release;
		};
		A7ADF3B315B45E1F00F9110F /* Build configuration list for PBXNativeTarget "visapp" */ = {
			isa = XCConfigurationList;
			buildConfigurations = (
				A7ADF3B415B45E1F00F9110F /* Debug */,
				A7ADF3B515B45E1F00F9110F /* Release */,
			);
			defaultConfigurationIsVisible = 0;
		};
/* End XCConfigurationList section */
	};
	rootObject = A7ADF38915B45E1F00F9110F /* Project object */;
}
